// !$*UTF8*$!
{
	archiveVersion = 1;
	classes = {
	};
	objectVersion = 50;
	objects = {

/* Begin PBXBuildFile section */
		25306F8D0C18BFAE22B1A2FD /* libPods-instagram.a in Frameworks */ = {isa = PBXBuildFile; fileRef = AFA03B7BD03954A2E2A41EAA /* libPods-instagram.a */; };
		9C43834BFEF2E4105F0A245D /* libPods-instagramTests.a in Frameworks */ = {isa = PBXBuildFile; fileRef = 45DF10EC44638D8ECD8112B5 /* libPods-instagramTests.a */; };
		A143D26F199AC9298E162397 /* libPods-instagramUITests.a in Frameworks */ = {isa = PBXBuildFile; fileRef = 6A5C4AAB21142DA92C92B773 /* libPods-instagramUITests.a */; };
		A883138A20F40BCD00363E48 /* AppDelegate.m in Sources */ = {isa = PBXBuildFile; fileRef = A883138920F40BCD00363E48 /* AppDelegate.m */; };
		A883139020F40BCD00363E48 /* Main.storyboard in Resources */ = {isa = PBXBuildFile; fileRef = A883138E20F40BCD00363E48 /* Main.storyboard */; };
		A883139220F40BCE00363E48 /* Assets.xcassets in Resources */ = {isa = PBXBuildFile; fileRef = A883139120F40BCE00363E48 /* Assets.xcassets */; };
		A883139520F40BCE00363E48 /* LaunchScreen.storyboard in Resources */ = {isa = PBXBuildFile; fileRef = A883139320F40BCE00363E48 /* LaunchScreen.storyboard */; };
		A883139820F40BCE00363E48 /* main.m in Sources */ = {isa = PBXBuildFile; fileRef = A883139720F40BCE00363E48 /* main.m */; };
		A88313A220F40BCE00363E48 /* instagramTests.m in Sources */ = {isa = PBXBuildFile; fileRef = A88313A120F40BCE00363E48 /* instagramTests.m */; };
		A88313AD20F40BCE00363E48 /* instagramUITests.m in Sources */ = {isa = PBXBuildFile; fileRef = A88313AC20F40BCE00363E48 /* instagramUITests.m */; };
		A88313BF20F4197200363E48 /* LoginViewController.m in Sources */ = {isa = PBXBuildFile; fileRef = A88313BE20F4197200363E48 /* LoginViewController.m */; };
		A88313C520F4237C00363E48 /* TakePictureViewController.m in Sources */ = {isa = PBXBuildFile; fileRef = A88313C420F4237C00363E48 /* TakePictureViewController.m */; };
		A88313C820F423DE00363E48 /* FeedCell.m in Sources */ = {isa = PBXBuildFile; fileRef = A88313C720F423DE00363E48 /* FeedCell.m */; };
		A88313CB20F42C5500363E48 /* MainFeedViewController.m in Sources */ = {isa = PBXBuildFile; fileRef = A88313CA20F42C5500363E48 /* MainFeedViewController.m */; };
		A88313CE20F4314B00363E48 /* Post.m in Sources */ = {isa = PBXBuildFile; fileRef = A88313CD20F4314B00363E48 /* Post.m */; };
		A88313D120F5519400363E48 /* DetailViewController.m in Sources */ = {isa = PBXBuildFile; fileRef = A88313D020F5519400363E48 /* DetailViewController.m */; };
		A88313D420F5717400363E48 /* ProfileViewController.m in Sources */ = {isa = PBXBuildFile; fileRef = A88313D320F5717400363E48 /* ProfileViewController.m */; };
		A88313D720F5754900363E48 /* ProfileCollectionCell.m in Sources */ = {isa = PBXBuildFile; fileRef = A88313D620F5754900363E48 /* ProfileCollectionCell.m */; };
/* End PBXBuildFile section */

/* Begin PBXContainerItemProxy section */
		A883139E20F40BCE00363E48 /* PBXContainerItemProxy */ = {
			isa = PBXContainerItemProxy;
			containerPortal = A883137D20F40BCD00363E48 /* Project object */;
			proxyType = 1;
			remoteGlobalIDString = A883138420F40BCD00363E48;
			remoteInfo = instagram;
		};
		A88313A920F40BCE00363E48 /* PBXContainerItemProxy */ = {
			isa = PBXContainerItemProxy;
			containerPortal = A883137D20F40BCD00363E48 /* Project object */;
			proxyType = 1;
			remoteGlobalIDString = A883138420F40BCD00363E48;
			remoteInfo = instagram;
		};
/* End PBXContainerItemProxy section */

/* Begin PBXFileReference section */
		07A4F32ACE4D59928F741C43 /* Pods-instagramTests.release.xcconfig */ = {isa = PBXFileReference; includeInIndex = 1; lastKnownFileType = text.xcconfig; name = "Pods-instagramTests.release.xcconfig"; path = "Pods/Target Support Files/Pods-instagramTests/Pods-instagramTests.release.xcconfig"; sourceTree = "<group>"; };
		0FC6B7EAE5C43B6F1A918432 /* Pods-instagram.release.xcconfig */ = {isa = PBXFileReference; includeInIndex = 1; lastKnownFileType = text.xcconfig; name = "Pods-instagram.release.xcconfig"; path = "Pods/Target Support Files/Pods-instagram/Pods-instagram.release.xcconfig"; sourceTree = "<group>"; };
		45DF10EC44638D8ECD8112B5 /* libPods-instagramTests.a */ = {isa = PBXFileReference; explicitFileType = archive.ar; includeInIndex = 0; path = "libPods-instagramTests.a"; sourceTree = BUILT_PRODUCTS_DIR; };
		4DF741D4693583D8F66539D6 /* Pods-instagramUITests.release.xcconfig */ = {isa = PBXFileReference; includeInIndex = 1; lastKnownFileType = text.xcconfig; name = "Pods-instagramUITests.release.xcconfig"; path = "Pods/Target Support Files/Pods-instagramUITests/Pods-instagramUITests.release.xcconfig"; sourceTree = "<group>"; };
		6A5C4AAB21142DA92C92B773 /* libPods-instagramUITests.a */ = {isa = PBXFileReference; explicitFileType = archive.ar; includeInIndex = 0; path = "libPods-instagramUITests.a"; sourceTree = BUILT_PRODUCTS_DIR; };
		97C0DBCC2002C7914CF760B2 /* Pods-instagramTests.debug.xcconfig */ = {isa = PBXFileReference; includeInIndex = 1; lastKnownFileType = text.xcconfig; name = "Pods-instagramTests.debug.xcconfig"; path = "Pods/Target Support Files/Pods-instagramTests/Pods-instagramTests.debug.xcconfig"; sourceTree = "<group>"; };
		A883138520F40BCD00363E48 /* instagram.app */ = {isa = PBXFileReference; explicitFileType = wrapper.application; includeInIndex = 0; path = instagram.app; sourceTree = BUILT_PRODUCTS_DIR; };
		A883138820F40BCD00363E48 /* AppDelegate.h */ = {isa = PBXFileReference; lastKnownFileType = sourcecode.c.h; path = AppDelegate.h; sourceTree = "<group>"; };
		A883138920F40BCD00363E48 /* AppDelegate.m */ = {isa = PBXFileReference; lastKnownFileType = sourcecode.c.objc; path = AppDelegate.m; sourceTree = "<group>"; };
		A883138F20F40BCD00363E48 /* Base */ = {isa = PBXFileReference; lastKnownFileType = file.storyboard; name = Base; path = Base.lproj/Main.storyboard; sourceTree = "<group>"; };
		A883139120F40BCE00363E48 /* Assets.xcassets */ = {isa = PBXFileReference; lastKnownFileType = folder.assetcatalog; path = Assets.xcassets; sourceTree = "<group>"; };
		A883139420F40BCE00363E48 /* Base */ = {isa = PBXFileReference; lastKnownFileType = file.storyboard; name = Base; path = Base.lproj/LaunchScreen.storyboard; sourceTree = "<group>"; };
		A883139620F40BCE00363E48 /* Info.plist */ = {isa = PBXFileReference; lastKnownFileType = text.plist.xml; path = Info.plist; sourceTree = "<group>"; };
		A883139720F40BCE00363E48 /* main.m */ = {isa = PBXFileReference; lastKnownFileType = sourcecode.c.objc; path = main.m; sourceTree = "<group>"; };
		A883139D20F40BCE00363E48 /* instagramTests.xctest */ = {isa = PBXFileReference; explicitFileType = wrapper.cfbundle; includeInIndex = 0; path = instagramTests.xctest; sourceTree = BUILT_PRODUCTS_DIR; };
		A88313A120F40BCE00363E48 /* instagramTests.m */ = {isa = PBXFileReference; lastKnownFileType = sourcecode.c.objc; path = instagramTests.m; sourceTree = "<group>"; };
		A88313A320F40BCE00363E48 /* Info.plist */ = {isa = PBXFileReference; lastKnownFileType = text.plist.xml; path = Info.plist; sourceTree = "<group>"; };
		A88313A820F40BCE00363E48 /* instagramUITests.xctest */ = {isa = PBXFileReference; explicitFileType = wrapper.cfbundle; includeInIndex = 0; path = instagramUITests.xctest; sourceTree = BUILT_PRODUCTS_DIR; };
		A88313AC20F40BCE00363E48 /* instagramUITests.m */ = {isa = PBXFileReference; lastKnownFileType = sourcecode.c.objc; path = instagramUITests.m; sourceTree = "<group>"; };
		A88313AE20F40BCE00363E48 /* Info.plist */ = {isa = PBXFileReference; lastKnownFileType = text.plist.xml; path = Info.plist; sourceTree = "<group>"; };
		A88313BD20F4197200363E48 /* LoginViewController.h */ = {isa = PBXFileReference; lastKnownFileType = sourcecode.c.h; name = LoginViewController.h; path = ../LoginViewController.h; sourceTree = "<group>"; };
		A88313BE20F4197200363E48 /* LoginViewController.m */ = {isa = PBXFileReference; lastKnownFileType = sourcecode.c.objc; name = LoginViewController.m; path = ../LoginViewController.m; sourceTree = "<group>"; };
		A88313C320F4237C00363E48 /* TakePictureViewController.h */ = {isa = PBXFileReference; lastKnownFileType = sourcecode.c.h; path = TakePictureViewController.h; sourceTree = "<group>"; };
		A88313C420F4237C00363E48 /* TakePictureViewController.m */ = {isa = PBXFileReference; lastKnownFileType = sourcecode.c.objc; path = TakePictureViewController.m; sourceTree = "<group>"; };
		A88313C620F423DE00363E48 /* FeedCell.h */ = {isa = PBXFileReference; lastKnownFileType = sourcecode.c.h; path = FeedCell.h; sourceTree = "<group>"; };
		A88313C720F423DE00363E48 /* FeedCell.m */ = {isa = PBXFileReference; lastKnownFileType = sourcecode.c.objc; path = FeedCell.m; sourceTree = "<group>"; };
		A88313C920F42C5500363E48 /* MainFeedViewController.h */ = {isa = PBXFileReference; lastKnownFileType = sourcecode.c.h; path = MainFeedViewController.h; sourceTree = "<group>"; };
		A88313CA20F42C5500363E48 /* MainFeedViewController.m */ = {isa = PBXFileReference; lastKnownFileType = sourcecode.c.objc; path = MainFeedViewController.m; sourceTree = "<group>"; };
		A88313CC20F4314B00363E48 /* Post.h */ = {isa = PBXFileReference; lastKnownFileType = sourcecode.c.h; path = Post.h; sourceTree = "<group>"; };
		A88313CD20F4314B00363E48 /* Post.m */ = {isa = PBXFileReference; lastKnownFileType = sourcecode.c.objc; path = Post.m; sourceTree = "<group>"; };
		A88313CF20F5519400363E48 /* DetailViewController.h */ = {isa = PBXFileReference; lastKnownFileType = sourcecode.c.h; path = DetailViewController.h; sourceTree = "<group>"; };
		A88313D020F5519400363E48 /* DetailViewController.m */ = {isa = PBXFileReference; lastKnownFileType = sourcecode.c.objc; path = DetailViewController.m; sourceTree = "<group>"; };
		A88313D220F5717400363E48 /* ProfileViewController.h */ = {isa = PBXFileReference; lastKnownFileType = sourcecode.c.h; path = ProfileViewController.h; sourceTree = "<group>"; };
		A88313D320F5717400363E48 /* ProfileViewController.m */ = {isa = PBXFileReference; lastKnownFileType = sourcecode.c.objc; path = ProfileViewController.m; sourceTree = "<group>"; };
		A88313D520F5754900363E48 /* ProfileCollectionCell.h */ = {isa = PBXFileReference; lastKnownFileType = sourcecode.c.h; path = ProfileCollectionCell.h; sourceTree = "<group>"; };
		A88313D620F5754900363E48 /* ProfileCollectionCell.m */ = {isa = PBXFileReference; lastKnownFileType = sourcecode.c.objc; path = ProfileCollectionCell.m; sourceTree = "<group>"; };
		AFA03B7BD03954A2E2A41EAA /* libPods-instagram.a */ = {isa = PBXFileReference; explicitFileType = archive.ar; includeInIndex = 0; path = "libPods-instagram.a"; sourceTree = BUILT_PRODUCTS_DIR; };
		C1B568512EC37A9168D1DC54 /* Pods-instagram.debug.xcconfig */ = {isa = PBXFileReference; includeInIndex = 1; lastKnownFileType = text.xcconfig; name = "Pods-instagram.debug.xcconfig"; path = "Pods/Target Support Files/Pods-instagram/Pods-instagram.debug.xcconfig"; sourceTree = "<group>"; };
		F7AB77144E63BFF044683F82 /* Pods-instagramUITests.debug.xcconfig */ = {isa = PBXFileReference; includeInIndex = 1; lastKnownFileType = text.xcconfig; name = "Pods-instagramUITests.debug.xcconfig"; path = "Pods/Target Support Files/Pods-instagramUITests/Pods-instagramUITests.debug.xcconfig"; sourceTree = "<group>"; };
/* End PBXFileReference section */

/* Begin PBXFrameworksBuildPhase section */
		A883138220F40BCD00363E48 /* Frameworks */ = {
			isa = PBXFrameworksBuildPhase;
			buildActionMask = 2147483647;
			files = (
				25306F8D0C18BFAE22B1A2FD /* libPods-instagram.a in Frameworks */,
			);
			runOnlyForDeploymentPostprocessing = 0;
		};
		A883139A20F40BCE00363E48 /* Frameworks */ = {
			isa = PBXFrameworksBuildPhase;
			buildActionMask = 2147483647;
			files = (
				9C43834BFEF2E4105F0A245D /* libPods-instagramTests.a in Frameworks */,
			);
			runOnlyForDeploymentPostprocessing = 0;
		};
		A88313A520F40BCE00363E48 /* Frameworks */ = {
			isa = PBXFrameworksBuildPhase;
			buildActionMask = 2147483647;
			files = (
				A143D26F199AC9298E162397 /* libPods-instagramUITests.a in Frameworks */,
			);
			runOnlyForDeploymentPostprocessing = 0;
		};
/* End PBXFrameworksBuildPhase section */

/* Begin PBXGroup section */
		386090070E79D85D97E8D065 /* Pods */ = {
			isa = PBXGroup;
			children = (
				C1B568512EC37A9168D1DC54 /* Pods-instagram.debug.xcconfig */,
				0FC6B7EAE5C43B6F1A918432 /* Pods-instagram.release.xcconfig */,
				97C0DBCC2002C7914CF760B2 /* Pods-instagramTests.debug.xcconfig */,
				07A4F32ACE4D59928F741C43 /* Pods-instagramTests.release.xcconfig */,
				F7AB77144E63BFF044683F82 /* Pods-instagramUITests.debug.xcconfig */,
				4DF741D4693583D8F66539D6 /* Pods-instagramUITests.release.xcconfig */,
			);
			name = Pods;
			sourceTree = "<group>";
		};
		86F2C6E3B98692A7A2329A62 /* Frameworks */ = {
			isa = PBXGroup;
			children = (
				AFA03B7BD03954A2E2A41EAA /* libPods-instagram.a */,
				45DF10EC44638D8ECD8112B5 /* libPods-instagramTests.a */,
				6A5C4AAB21142DA92C92B773 /* libPods-instagramUITests.a */,
			);
			name = Frameworks;
			sourceTree = "<group>";
		};
		A883137C20F40BCD00363E48 = {
			isa = PBXGroup;
			children = (
				A883138720F40BCD00363E48 /* instagram */,
				A88313A020F40BCE00363E48 /* instagramTests */,
				A88313AB20F40BCE00363E48 /* instagramUITests */,
				A883138620F40BCD00363E48 /* Products */,
				386090070E79D85D97E8D065 /* Pods */,
				86F2C6E3B98692A7A2329A62 /* Frameworks */,
			);
			sourceTree = "<group>";
		};
		A883138620F40BCD00363E48 /* Products */ = {
			isa = PBXGroup;
			children = (
				A883138520F40BCD00363E48 /* instagram.app */,
				A883139D20F40BCE00363E48 /* instagramTests.xctest */,
				A88313A820F40BCE00363E48 /* instagramUITests.xctest */,
			);
			name = Products;
			sourceTree = "<group>";
		};
		A883138720F40BCD00363E48 /* instagram */ = {
			isa = PBXGroup;
			children = (
				A88313BD20F4197200363E48 /* LoginViewController.h */,
				A88313BE20F4197200363E48 /* LoginViewController.m */,
				A883138820F40BCD00363E48 /* AppDelegate.h */,
				A883138920F40BCD00363E48 /* AppDelegate.m */,
				A88313C620F423DE00363E48 /* FeedCell.h */,
				A88313C720F423DE00363E48 /* FeedCell.m */,
				A88313C920F42C5500363E48 /* MainFeedViewController.h */,
				A88313CA20F42C5500363E48 /* MainFeedViewController.m */,
				A88313C320F4237C00363E48 /* TakePictureViewController.h */,
				A88313C420F4237C00363E48 /* TakePictureViewController.m */,
				A88313CF20F5519400363E48 /* DetailViewController.h */,
				A88313D020F5519400363E48 /* DetailViewController.m */,
				A88313D220F5717400363E48 /* ProfileViewController.h */,
				A88313D320F5717400363E48 /* ProfileViewController.m */,
				A88313D520F5754900363E48 /* ProfileCollectionCell.h */,
				A88313D620F5754900363E48 /* ProfileCollectionCell.m */,
				A883138E20F40BCD00363E48 /* Main.storyboard */,
				A88313CC20F4314B00363E48 /* Post.h */,
				A88313CD20F4314B00363E48 /* Post.m */,
				A883139120F40BCE00363E48 /* Assets.xcassets */,
				A883139320F40BCE00363E48 /* LaunchScreen.storyboard */,
				A883139620F40BCE00363E48 /* Info.plist */,
				A883139720F40BCE00363E48 /* main.m */,
			);
			path = instagram;
			sourceTree = "<group>";
		};
		A88313A020F40BCE00363E48 /* instagramTests */ = {
			isa = PBXGroup;
			children = (
				A88313A120F40BCE00363E48 /* instagramTests.m */,
				A88313A320F40BCE00363E48 /* Info.plist */,
			);
			path = instagramTests;
			sourceTree = "<group>";
		};
		A88313AB20F40BCE00363E48 /* instagramUITests */ = {
			isa = PBXGroup;
			children = (
				A88313AC20F40BCE00363E48 /* instagramUITests.m */,
				A88313AE20F40BCE00363E48 /* Info.plist */,
			);
			path = instagramUITests;
			sourceTree = "<group>";
		};
/* End PBXGroup section */

/* Begin PBXNativeTarget section */
		A883138420F40BCD00363E48 /* instagram */ = {
			isa = PBXNativeTarget;
			buildConfigurationList = A88313B120F40BCE00363E48 /* Build configuration list for PBXNativeTarget "instagram" */;
			buildPhases = (
				31AFCF8ECDD6C652F182BAF5 /* [CP] Check Pods Manifest.lock */,
				A883138120F40BCD00363E48 /* Sources */,
				A883138220F40BCD00363E48 /* Frameworks */,
				A883138320F40BCD00363E48 /* Resources */,
				A48B0902C3915853A8E349DC /* [CP] Copy Pods Resources */,
			);
			buildRules = (
			);
			dependencies = (
			);
			name = instagram;
			productName = instagram;
			productReference = A883138520F40BCD00363E48 /* instagram.app */;
			productType = "com.apple.product-type.application";
		};
		A883139C20F40BCE00363E48 /* instagramTests */ = {
			isa = PBXNativeTarget;
			buildConfigurationList = A88313B420F40BCE00363E48 /* Build configuration list for PBXNativeTarget "instagramTests" */;
			buildPhases = (
				5273D549C2C69C562F3458D4 /* [CP] Check Pods Manifest.lock */,
				A883139920F40BCE00363E48 /* Sources */,
				A883139A20F40BCE00363E48 /* Frameworks */,
				A883139B20F40BCE00363E48 /* Resources */,
			);
			buildRules = (
			);
			dependencies = (
				A883139F20F40BCE00363E48 /* PBXTargetDependency */,
			);
			name = instagramTests;
			productName = instagramTests;
			productReference = A883139D20F40BCE00363E48 /* instagramTests.xctest */;
			productType = "com.apple.product-type.bundle.unit-test";
		};
		A88313A720F40BCE00363E48 /* instagramUITests */ = {
			isa = PBXNativeTarget;
			buildConfigurationList = A88313B720F40BCE00363E48 /* Build configuration list for PBXNativeTarget "instagramUITests" */;
			buildPhases = (
				CE1890B1DF2A7D68D0FE4BEB /* [CP] Check Pods Manifest.lock */,
				A88313A420F40BCE00363E48 /* Sources */,
				A88313A520F40BCE00363E48 /* Frameworks */,
				A88313A620F40BCE00363E48 /* Resources */,
			);
			buildRules = (
			);
			dependencies = (
				A88313AA20F40BCE00363E48 /* PBXTargetDependency */,
			);
			name = instagramUITests;
			productName = instagramUITests;
			productReference = A88313A820F40BCE00363E48 /* instagramUITests.xctest */;
			productType = "com.apple.product-type.bundle.ui-testing";
		};
/* End PBXNativeTarget section */

/* Begin PBXProject section */
		A883137D20F40BCD00363E48 /* Project object */ = {
			isa = PBXProject;
			attributes = {
				LastUpgradeCheck = 0940;
				ORGANIZATIONNAME = "Taylor Murray";
				TargetAttributes = {
					A883138420F40BCD00363E48 = {
						CreatedOnToolsVersion = 9.4.1;
					};
					A883139C20F40BCE00363E48 = {
						CreatedOnToolsVersion = 9.4.1;
						TestTargetID = A883138420F40BCD00363E48;
					};
					A88313A720F40BCE00363E48 = {
						CreatedOnToolsVersion = 9.4.1;
						TestTargetID = A883138420F40BCD00363E48;
					};
				};
			};
			buildConfigurationList = A883138020F40BCD00363E48 /* Build configuration list for PBXProject "instagram" */;
			compatibilityVersion = "Xcode 9.3";
			developmentRegion = en;
			hasScannedForEncodings = 0;
			knownRegions = (
				en,
				Base,
			);
			mainGroup = A883137C20F40BCD00363E48;
			productRefGroup = A883138620F40BCD00363E48 /* Products */;
			projectDirPath = "";
			projectRoot = "";
			targets = (
				A883138420F40BCD00363E48 /* instagram */,
				A883139C20F40BCE00363E48 /* instagramTests */,
				A88313A720F40BCE00363E48 /* instagramUITests */,
			);
		};
/* End PBXProject section */

/* Begin PBXResourcesBuildPhase section */
		A883138320F40BCD00363E48 /* Resources */ = {
			isa = PBXResourcesBuildPhase;
			buildActionMask = 2147483647;
			files = (
				A883139520F40BCE00363E48 /* LaunchScreen.storyboard in Resources */,
				A883139220F40BCE00363E48 /* Assets.xcassets in Resources */,
				A883139020F40BCD00363E48 /* Main.storyboard in Resources */,
			);
			runOnlyForDeploymentPostprocessing = 0;
		};
		A883139B20F40BCE00363E48 /* Resources */ = {
			isa = PBXResourcesBuildPhase;
			buildActionMask = 2147483647;
			files = (
			);
			runOnlyForDeploymentPostprocessing = 0;
		};
		A88313A620F40BCE00363E48 /* Resources */ = {
			isa = PBXResourcesBuildPhase;
			buildActionMask = 2147483647;
			files = (
			);
			runOnlyForDeploymentPostprocessing = 0;
		};
/* End PBXResourcesBuildPhase section */

/* Begin PBXShellScriptBuildPhase section */
		31AFCF8ECDD6C652F182BAF5 /* [CP] Check Pods Manifest.lock */ = {
			isa = PBXShellScriptBuildPhase;
			buildActionMask = 2147483647;
			files = (
			);
			inputPaths = (
				"${PODS_PODFILE_DIR_PATH}/Podfile.lock",
				"${PODS_ROOT}/Manifest.lock",
			);
			name = "[CP] Check Pods Manifest.lock";
			outputPaths = (
				"$(DERIVED_FILE_DIR)/Pods-instagram-checkManifestLockResult.txt",
			);
			runOnlyForDeploymentPostprocessing = 0;
			shellPath = /bin/sh;
			shellScript = "diff \"${PODS_PODFILE_DIR_PATH}/Podfile.lock\" \"${PODS_ROOT}/Manifest.lock\" > /dev/null\nif [ $? != 0 ] ; then\n    # print error to STDERR\n    echo \"error: The sandbox is not in sync with the Podfile.lock. Run 'pod install' or update your CocoaPods installation.\" >&2\n    exit 1\nfi\n# This output is used by Xcode 'outputs' to avoid re-running this script phase.\necho \"SUCCESS\" > \"${SCRIPT_OUTPUT_FILE_0}\"\n";
			showEnvVarsInLog = 0;
		};
		5273D549C2C69C562F3458D4 /* [CP] Check Pods Manifest.lock */ = {
			isa = PBXShellScriptBuildPhase;
			buildActionMask = 2147483647;
			files = (
			);
			inputPaths = (
				"${PODS_PODFILE_DIR_PATH}/Podfile.lock",
				"${PODS_ROOT}/Manifest.lock",
			);
			name = "[CP] Check Pods Manifest.lock";
			outputPaths = (
				"$(DERIVED_FILE_DIR)/Pods-instagramTests-checkManifestLockResult.txt",
			);
			runOnlyForDeploymentPostprocessing = 0;
			shellPath = /bin/sh;
			shellScript = "diff \"${PODS_PODFILE_DIR_PATH}/Podfile.lock\" \"${PODS_ROOT}/Manifest.lock\" > /dev/null\nif [ $? != 0 ] ; then\n    # print error to STDERR\n    echo \"error: The sandbox is not in sync with the Podfile.lock. Run 'pod install' or update your CocoaPods installation.\" >&2\n    exit 1\nfi\n# This output is used by Xcode 'outputs' to avoid re-running this script phase.\necho \"SUCCESS\" > \"${SCRIPT_OUTPUT_FILE_0}\"\n";
			showEnvVarsInLog = 0;
		};
		A48B0902C3915853A8E349DC /* [CP] Copy Pods Resources */ = {
			isa = PBXShellScriptBuildPhase;
			buildActionMask = 2147483647;
			files = (
			);
			inputPaths = (
				"${SRCROOT}/Pods/Target Support Files/Pods-instagram/Pods-instagram-resources.sh",
				"${PODS_ROOT}/DateTools/DateTools/DateTools/DateTools.bundle",
				"${PODS_CONFIGURATION_BUILD_DIR}/Parse/Parse.bundle",
				"${PODS_ROOT}/ParseUI/ParseUI/Resources/Localization/en.lproj",
				"${PODS_ROOT}/ParseUI/ParseUI/Resources/Localization/fr.lproj",
				"${PODS_ROOT}/ParseUI/ParseUI/Resources/Localization/pt-BR.lproj",
			);
			name = "[CP] Copy Pods Resources";
			outputPaths = (
				"${TARGET_BUILD_DIR}/${UNLOCALIZED_RESOURCES_FOLDER_PATH}/DateTools.bundle",
				"${TARGET_BUILD_DIR}/${UNLOCALIZED_RESOURCES_FOLDER_PATH}/Parse.bundle",
				"${TARGET_BUILD_DIR}/${UNLOCALIZED_RESOURCES_FOLDER_PATH}/en.lproj",
				"${TARGET_BUILD_DIR}/${UNLOCALIZED_RESOURCES_FOLDER_PATH}/fr.lproj",
				"${TARGET_BUILD_DIR}/${UNLOCALIZED_RESOURCES_FOLDER_PATH}/pt-BR.lproj",
			);
			runOnlyForDeploymentPostprocessing = 0;
			shellPath = /bin/sh;
			shellScript = "\"${SRCROOT}/Pods/Target Support Files/Pods-instagram/Pods-instagram-resources.sh\"\n";
			showEnvVarsInLog = 0;
		};
		CE1890B1DF2A7D68D0FE4BEB /* [CP] Check Pods Manifest.lock */ = {
			isa = PBXShellScriptBuildPhase;
			buildActionMask = 2147483647;
			files = (
			);
			inputPaths = (
				"${PODS_PODFILE_DIR_PATH}/Podfile.lock",
				"${PODS_ROOT}/Manifest.lock",
			);
			name = "[CP] Check Pods Manifest.lock";
			outputPaths = (
				"$(DERIVED_FILE_DIR)/Pods-instagramUITests-checkManifestLockResult.txt",
			);
			runOnlyForDeploymentPostprocessing = 0;
			shellPath = /bin/sh;
			shellScript = "diff \"${PODS_PODFILE_DIR_PATH}/Podfile.lock\" \"${PODS_ROOT}/Manifest.lock\" > /dev/null\nif [ $? != 0 ] ; then\n    # print error to STDERR\n    echo \"error: The sandbox is not in sync with the Podfile.lock. Run 'pod install' or update your CocoaPods installation.\" >&2\n    exit 1\nfi\n# This output is used by Xcode 'outputs' to avoid re-running this script phase.\necho \"SUCCESS\" > \"${SCRIPT_OUTPUT_FILE_0}\"\n";
			showEnvVarsInLog = 0;
		};
/* End PBXShellScriptBuildPhase section */

/* Begin PBXSourcesBuildPhase section */
		A883138120F40BCD00363E48 /* Sources */ = {
			isa = PBXSourcesBuildPhase;
			buildActionMask = 2147483647;
			files = (
				A883139820F40BCE00363E48 /* main.m in Sources */,
				A88313D420F5717400363E48 /* ProfileViewController.m in Sources */,
				A883138A20F40BCD00363E48 /* AppDelegate.m in Sources */,
				A88313C520F4237C00363E48 /* TakePictureViewController.m in Sources */,
				A88313D120F5519400363E48 /* DetailViewController.m in Sources */,
				A88313C820F423DE00363E48 /* FeedCell.m in Sources */,
				A88313CB20F42C5500363E48 /* MainFeedViewController.m in Sources */,
				A88313D720F5754900363E48 /* ProfileCollectionCell.m in Sources */,
				A88313BF20F4197200363E48 /* LoginViewController.m in Sources */,
				A88313CE20F4314B00363E48 /* Post.m in Sources */,
			);
			runOnlyForDeploymentPostprocessing = 0;
		};
		A883139920F40BCE00363E48 /* Sources */ = {
			isa = PBXSourcesBuildPhase;
			buildActionMask = 2147483647;
			files = (
				A88313A220F40BCE00363E48 /* instagramTests.m in Sources */,
			);
			runOnlyForDeploymentPostprocessing = 0;
		};
		A88313A420F40BCE00363E48 /* Sources */ = {
			isa = PBXSourcesBuildPhase;
			buildActionMask = 2147483647;
			files = (
				A88313AD20F40BCE00363E48 /* instagramUITests.m in Sources */,
			);
			runOnlyForDeploymentPostprocessing = 0;
		};
/* End PBXSourcesBuildPhase section */

/* Begin PBXTargetDependency section */
		A883139F20F40BCE00363E48 /* PBXTargetDependency */ = {
			isa = PBXTargetDependency;
			target = A883138420F40BCD00363E48 /* instagram */;
			targetProxy = A883139E20F40BCE00363E48 /* PBXContainerItemProxy */;
		};
		A88313AA20F40BCE00363E48 /* PBXTargetDependency */ = {
			isa = PBXTargetDependency;
			target = A883138420F40BCD00363E48 /* instagram */;
			targetProxy = A88313A920F40BCE00363E48 /* PBXContainerItemProxy */;
		};
/* End PBXTargetDependency section */

/* Begin PBXVariantGroup section */
		A883138E20F40BCD00363E48 /* Main.storyboard */ = {
			isa = PBXVariantGroup;
			children = (
				A883138F20F40BCD00363E48 /* Base */,
			);
			name = Main.storyboard;
			sourceTree = "<group>";
		};
		A883139320F40BCE00363E48 /* LaunchScreen.storyboard */ = {
			isa = PBXVariantGroup;
			children = (
				A883139420F40BCE00363E48 /* Base */,
			);
			name = LaunchScreen.storyboard;
			sourceTree = "<group>";
		};
/* End PBXVariantGroup section */

/* Begin XCBuildConfiguration section */
		A88313AF20F40BCE00363E48 /* Debug */ = {
			isa = XCBuildConfiguration;
			buildSettings = {
				ALWAYS_SEARCH_USER_PATHS = NO;
				CLANG_ANALYZER_NONNULL = YES;
				CLANG_ANALYZER_NUMBER_OBJECT_CONVERSION = YES_AGGRESSIVE;
				CLANG_CXX_LANGUAGE_STANDARD = "gnu++14";
				CLANG_CXX_LIBRARY = "libc++";
				CLANG_ENABLE_MODULES = YES;
				CLANG_ENABLE_OBJC_ARC = YES;
				CLANG_ENABLE_OBJC_WEAK = YES;
				CLANG_WARN_BLOCK_CAPTURE_AUTORELEASING = YES;
				CLANG_WARN_BOOL_CONVERSION = YES;
				CLANG_WARN_COMMA = YES;
				CLANG_WARN_CONSTANT_CONVERSION = YES;
				CLANG_WARN_DEPRECATED_OBJC_IMPLEMENTATIONS = YES;
				CLANG_WARN_DIRECT_OBJC_ISA_USAGE = YES_ERROR;
				CLANG_WARN_DOCUMENTATION_COMMENTS = YES;
				CLANG_WARN_EMPTY_BODY = YES;
				CLANG_WARN_ENUM_CONVERSION = YES;
				CLANG_WARN_INFINITE_RECURSION = YES;
				CLANG_WARN_INT_CONVERSION = YES;
				CLANG_WARN_NON_LITERAL_NULL_CONVERSION = YES;
				CLANG_WARN_OBJC_IMPLICIT_RETAIN_SELF = YES;
				CLANG_WARN_OBJC_LITERAL_CONVERSION = YES;
				CLANG_WARN_OBJC_ROOT_CLASS = YES_ERROR;
				CLANG_WARN_RANGE_LOOP_ANALYSIS = YES;
				CLANG_WARN_STRICT_PROTOTYPES = YES;
				CLANG_WARN_SUSPICIOUS_MOVE = YES;
				CLANG_WARN_UNGUARDED_AVAILABILITY = YES_AGGRESSIVE;
				CLANG_WARN_UNREACHABLE_CODE = YES;
				CLANG_WARN__DUPLICATE_METHOD_MATCH = YES;
				CODE_SIGN_IDENTITY = "iPhone Developer";
				COPY_PHASE_STRIP = NO;
				DEBUG_INFORMATION_FORMAT = dwarf;
				ENABLE_STRICT_OBJC_MSGSEND = YES;
				ENABLE_TESTABILITY = YES;
				GCC_C_LANGUAGE_STANDARD = gnu11;
				GCC_DYNAMIC_NO_PIC = NO;
				GCC_NO_COMMON_BLOCKS = YES;
				GCC_OPTIMIZATION_LEVEL = 0;
				GCC_PREPROCESSOR_DEFINITIONS = (
					"DEBUG=1",
					"$(inherited)",
				);
				GCC_WARN_64_TO_32_BIT_CONVERSION = YES;
				GCC_WARN_ABOUT_RETURN_TYPE = YES_ERROR;
				GCC_WARN_UNDECLARED_SELECTOR = YES;
				GCC_WARN_UNINITIALIZED_AUTOS = YES_AGGRESSIVE;
				GCC_WARN_UNUSED_FUNCTION = YES;
				GCC_WARN_UNUSED_VARIABLE = YES;
				IPHONEOS_DEPLOYMENT_TARGET = 11.4;
				MTL_ENABLE_DEBUG_INFO = YES;
				ONLY_ACTIVE_ARCH = YES;
				SDKROOT = iphoneos;
			};
			name = Debug;
		};
		A88313B020F40BCE00363E48 /* Release */ = {
			isa = XCBuildConfiguration;
			buildSettings = {
				ALWAYS_SEARCH_USER_PATHS = NO;
				CLANG_ANALYZER_NONNULL = YES;
				CLANG_ANALYZER_NUMBER_OBJECT_CONVERSION = YES_AGGRESSIVE;
				CLANG_CXX_LANGUAGE_STANDARD = "gnu++14";
				CLANG_CXX_LIBRARY = "libc++";
				CLANG_ENABLE_MODULES = YES;
				CLANG_ENABLE_OBJC_ARC = YES;
				CLANG_ENABLE_OBJC_WEAK = YES;
				CLANG_WARN_BLOCK_CAPTURE_AUTORELEASING = YES;
				CLANG_WARN_BOOL_CONVERSION = YES;
				CLANG_WARN_COMMA = YES;
				CLANG_WARN_CONSTANT_CONVERSION = YES;
				CLANG_WARN_DEPRECATED_OBJC_IMPLEMENTATIONS = YES;
				CLANG_WARN_DIRECT_OBJC_ISA_USAGE = YES_ERROR;
				CLANG_WARN_DOCUMENTATION_COMMENTS = YES;
				CLANG_WARN_EMPTY_BODY = YES;
				CLANG_WARN_ENUM_CONVERSION = YES;
				CLANG_WARN_INFINITE_RECURSION = YES;
				CLANG_WARN_INT_CONVERSION = YES;
				CLANG_WARN_NON_LITERAL_NULL_CONVERSION = YES;
				CLANG_WARN_OBJC_IMPLICIT_RETAIN_SELF = YES;
				CLANG_WARN_OBJC_LITERAL_CONVERSION = YES;
				CLANG_WARN_OBJC_ROOT_CLASS = YES_ERROR;
				CLANG_WARN_RANGE_LOOP_ANALYSIS = YES;
				CLANG_WARN_STRICT_PROTOTYPES = YES;
				CLANG_WARN_SUSPICIOUS_MOVE = YES;
				CLANG_WARN_UNGUARDED_AVAILABILITY = YES_AGGRESSIVE;
				CLANG_WARN_UNREACHABLE_CODE = YES;
				CLANG_WARN__DUPLICATE_METHOD_MATCH = YES;
				CODE_SIGN_IDENTITY = "iPhone Developer";
				COPY_PHASE_STRIP = NO;
				DEBUG_INFORMATION_FORMAT = "dwarf-with-dsym";
				ENABLE_NS_ASSERTIONS = NO;
				ENABLE_STRICT_OBJC_MSGSEND = YES;
				GCC_C_LANGUAGE_STANDARD = gnu11;
				GCC_NO_COMMON_BLOCKS = YES;
				GCC_WARN_64_TO_32_BIT_CONVERSION = YES;
				GCC_WARN_ABOUT_RETURN_TYPE = YES_ERROR;
				GCC_WARN_UNDECLARED_SELECTOR = YES;
				GCC_WARN_UNINITIALIZED_AUTOS = YES_AGGRESSIVE;
				GCC_WARN_UNUSED_FUNCTION = YES;
				GCC_WARN_UNUSED_VARIABLE = YES;
				IPHONEOS_DEPLOYMENT_TARGET = 11.4;
				MTL_ENABLE_DEBUG_INFO = NO;
				SDKROOT = iphoneos;
				VALIDATE_PRODUCT = YES;
			};
			name = Release;
		};
		A88313B220F40BCE00363E48 /* Debug */ = {
			isa = XCBuildConfiguration;
			baseConfigurationReference = C1B568512EC37A9168D1DC54 /* Pods-instagram.debug.xcconfig */;
			buildSettings = {
				ASSETCATALOG_COMPILER_APPICON_NAME = AppIcon;
				CODE_SIGN_STYLE = Automatic;
				DEVELOPMENT_TEAM = 7BPY3ZP4FA;
				INFOPLIST_FILE = instagram/Info.plist;
				LD_RUNPATH_SEARCH_PATHS = (
					"$(inherited)",
					"@executable_path/Frameworks",
				);
				PRODUCT_BUNDLE_IDENTIFIER = com.murrayt9.instagram;
				PRODUCT_NAME = "$(TARGET_NAME)";
				TARGETED_DEVICE_FAMILY = "1,2";
			};
			name = Debug;
		};
		A88313B320F40BCE00363E48 /* Release */ = {
			isa = XCBuildConfiguration;
			baseConfigurationReference = 0FC6B7EAE5C43B6F1A918432 /* Pods-instagram.release.xcconfig */;
			buildSettings = {
				ASSETCATALOG_COMPILER_APPICON_NAME = AppIcon;
				CODE_SIGN_STYLE = Automatic;
				DEVELOPMENT_TEAM = 7BPY3ZP4FA;
				INFOPLIST_FILE = instagram/Info.plist;
				LD_RUNPATH_SEARCH_PATHS = (
					"$(inherited)",
					"@executable_path/Frameworks",
				);
				PRODUCT_BUNDLE_IDENTIFIER = com.murrayt9.instagram;
				PRODUCT_NAME = "$(TARGET_NAME)";
				TARGETED_DEVICE_FAMILY = "1,2";
			};
			name = Release;
		};
		A88313B520F40BCE00363E48 /* Debug */ = {
			isa = XCBuildConfiguration;
			baseConfigurationReference = 97C0DBCC2002C7914CF760B2 /* Pods-instagramTests.debug.xcconfig */;
			buildSettings = {
				BUNDLE_LOADER = "$(TEST_HOST)";
				CODE_SIGN_STYLE = Automatic;
				DEVELOPMENT_TEAM = 7BPY3ZP4FA;
				INFOPLIST_FILE = instagramTests/Info.plist;
				LD_RUNPATH_SEARCH_PATHS = (
					"$(inherited)",
					"@executable_path/Frameworks",
					"@loader_path/Frameworks",
				);
				PRODUCT_BUNDLE_IDENTIFIER = com.murrayt9.instagramTests;
				PRODUCT_NAME = "$(TARGET_NAME)";
				TARGETED_DEVICE_FAMILY = "1,2";
				TEST_HOST = "$(BUILT_PRODUCTS_DIR)/instagram.app/instagram";
			};
			name = Debug;
		};
		A88313B620F40BCE00363E48 /* Release */ = {
			isa = XCBuildConfiguration;
			baseConfigurationReference = 07A4F32ACE4D59928F741C43 /* Pods-instagramTests.release.xcconfig */;
			buildSettings = {
				BUNDLE_LOADER = "$(TEST_HOST)";
				CODE_SIGN_STYLE = Automatic;
				DEVELOPMENT_TEAM = 7BPY3ZP4FA;
				INFOPLIST_FILE = instagramTests/Info.plist;
				LD_RUNPATH_SEARCH_PATHS = (
					"$(inherited)",
					"@executable_path/Frameworks",
					"@loader_path/Frameworks",
				);
				PRODUCT_BUNDLE_IDENTIFIER = com.murrayt9.instagramTests;
				PRODUCT_NAME = "$(TARGET_NAME)";
				TARGETED_DEVICE_FAMILY = "1,2";
				TEST_HOST = "$(BUILT_PRODUCTS_DIR)/instagram.app/instagram";
			};
			name = Release;
		};
		A88313B820F40BCE00363E48 /* Debug */ = {
			isa = XCBuildConfiguration;
			baseConfigurationReference = F7AB77144E63BFF044683F82 /* Pods-instagramUITests.debug.xcconfig */;
			buildSettings = {
				CODE_SIGN_STYLE = Automatic;
				DEVELOPMENT_TEAM = 7BPY3ZP4FA;
				INFOPLIST_FILE = instagramUITests/Info.plist;
				LD_RUNPATH_SEARCH_PATHS = (
					"$(inherited)",
					"@executable_path/Frameworks",
					"@loader_path/Frameworks",
				);
				PRODUCT_BUNDLE_IDENTIFIER = com.murrayt9.instagramUITests;
				PRODUCT_NAME = "$(TARGET_NAME)";
				TARGETED_DEVICE_FAMILY = "1,2";
				TEST_TARGET_NAME = instagram;
			};
			name = Debug;
		};
		A88313B920F40BCE00363E48 /* Release */ = {
			isa = XCBuildConfiguration;
			baseConfigurationReference = 4DF741D4693583D8F66539D6 /* Pods-instagramUITests.release.xcconfig */;
			buildSettings = {
				CODE_SIGN_STYLE = Automatic;
				DEVELOPMENT_TEAM = 7BPY3ZP4FA;
				INFOPLIST_FILE = instagramUITests/Info.plist;
				LD_RUNPATH_SEARCH_PATHS = (
					"$(inherited)",
					"@executable_path/Frameworks",
					"@loader_path/Frameworks",
				);
				PRODUCT_BUNDLE_IDENTIFIER = com.murrayt9.instagramUITests;
				PRODUCT_NAME = "$(TARGET_NAME)";
				TARGETED_DEVICE_FAMILY = "1,2";
				TEST_TARGET_NAME = instagram;
			};
			name = Release;
		};
/* End XCBuildConfiguration section */

/* Begin XCConfigurationList section */
		A883138020F40BCD00363E48 /* Build configuration list for PBXProject "instagram" */ = {
			isa = XCConfigurationList;
			buildConfigurations = (
				A88313AF20F40BCE00363E48 /* Debug */,
				A88313B020F40BCE00363E48 /* Release */,
			);
			defaultConfigurationIsVisible = 0;
			defaultConfigurationName = Release;
		};
		A88313B120F40BCE00363E48 /* Build configuration list for PBXNativeTarget "instagram" */ = {
			isa = XCConfigurationList;
			buildConfigurations = (
				A88313B220F40BCE00363E48 /* Debug */,
				A88313B320F40BCE00363E48 /* Release */,
			);
			defaultConfigurationIsVisible = 0;
			defaultConfigurationName = Release;
		};
		A88313B420F40BCE00363E48 /* Build configuration list for PBXNativeTarget "instagramTests" */ = {
			isa = XCConfigurationList;
			buildConfigurations = (
				A88313B520F40BCE00363E48 /* Debug */,
				A88313B620F40BCE00363E48 /* Release */,
			);
			defaultConfigurationIsVisible = 0;
			defaultConfigurationName = Release;
		};
		A88313B720F40BCE00363E48 /* Build configuration list for PBXNativeTarget "instagramUITests" */ = {
			isa = XCConfigurationList;
			buildConfigurations = (
				A88313B820F40BCE00363E48 /* Debug */,
				A88313B920F40BCE00363E48 /* Release */,
			);
			defaultConfigurationIsVisible = 0;
			defaultConfigurationName = Release;
		};
/* End XCConfigurationList section */
	};
	rootObject = A883137D20F40BCD00363E48 /* Project object */;
}
